<?xml version="1.0" encoding="utf-8"?>
<Project ToolsVersion="4.0" xmlns="http://schemas.microsoft.com/developer/msbuild/2003">
  <ItemGroup>
    <Filter Include="src">
      <UniqueIdentifier>{AA2D90C5-E4E0-0647-903D-949ABFF06890}</UniqueIdentifier>
    </Filter>
    <Filter Include="src\serialization">
      <UniqueIdentifier>{6D8811BE-FD96-544B-9D3D-465CB0306C2F}</UniqueIdentifier>
    </Filter>
  </ItemGroup>
  <ItemGroup>
    <ClInclude Include="..\src\serialization\DeclareStruct.h">
      <Filter>src\serialization</Filter>
    </ClInclude>
    <ClInclude Include="..\src\serialization\DeserializeDefine.h">
      <Filter>src\serialization</Filter>
    </ClInclude>
    <ClInclude Include="..\src\serialization\MyObject.h">
      <Filter>src\serialization</Filter>
    </ClInclude>
    <ClInclude Include="..\src\serialization\MyObjectData.h">
      <Filter>src\serialization</Filter>
    </ClInclude>
    <ClInclude Include="..\src\serialization\Precompiled.h">
      <Filter>src\serialization</Filter>
    </ClInclude>
    <ClInclude Include="..\src\serialization\Serialization.h">
      <Filter>src\serialization</Filter>
    </ClInclude>
    <ClInclude Include="..\src\serialization\SerializationDeclare.h">
      <Filter>src\serialization</Filter>
    </ClInclude>
    <ClInclude Include="..\src\serialization\SerializeDefine.h">
      <Filter>src\serialization</Filter>
    </ClInclude>
  </ItemGroup>
  <ItemGroup>
    <ClCompile Include="..\src\serialization\driver.c">
      <Filter>src\serialization</Filter>
    </ClCompile>
    <ClCompile Include="..\src\serialization\MyObject.c">
      <Filter>src\serialization</Filter>
    </ClCompile>
    <ClCompile Include="..\src\serialization\Precompiled.c">
      <Filter>src\serialization</Filter>
    </ClCompile>
    <ClCompile Include="..\src\serialization\Serialization.c">
      <Filter>src\serialization</Filter>
    </ClCompile>
  </ItemGroup>
</Project>
